
Microsoft Visual Studio Solution File, Format Version 12.00
# Visual Studio Version 17
VisualStudioVersion = 17.14.36616.10
MinimumVisualStudioVersion = 10.0.40219.1
Project("{FAE04EC0-301F-11D3-BF4B-00C04F79EFBC}") = "ShoeVault", "ShoeVault.csproj", "{CCA72741-F3D5-4187-A0FF-A479C6554571}"
EndProject
Global
	GlobalSection(SolutionConfigurationPlatforms) = preSolution
		Debug|Any CPU = Debug|Any CPU
		Release|Any CPU = Release|Any CPU
	EndGlobalSection
	GlobalSection(ProjectConfigurationPlatforms) = postSolution
		{CCA72741-F3D5-4187-A0FF-A479C6554571}.Debug|Any CPU.ActiveCfg = Debug|Any CPU
		{CCA72741-F3D5-4187-A0FF-A479C6554571}.Debug|Any CPU.Build.0 = Debug|Any CPU
		{CCA72741-F3D5-4187-A0FF-A479C6554571}.Release|Any CPU.ActiveCfg = Release|Any CPU
		{CCA72741-F3D5-4187-A0FF-A479C6554571}.Release|Any CPU.Build.0 = Release|Any CPU
	EndGlobalSection
	GlobalSection(SolutionProperties) = preSolution
		HideSolutionNode = FALSE
	EndGlobalSection
	GlobalSection(ExtensibilityGlobals) = postSolution
		SolutionGuid = {AAC095BF-4856-428A-818D-AFCB681CED4F}
	EndGlobalSection
EndGlobal
